{
  "name": "localhost-dev",
  "version": "1.0.0",
  "lockfileVersion": 3,
  "requires": true,
  "packages": {
    "": {
      "name": "localhost-dev",
      "version": "1.0.0",
      "bin": {
        "localhost-dev": "bin/localhost-dev.js"
      },
      "engines": {
        "node": ">=18"
      }
    }
  }
}
